<?xml version="1.0" encoding="utf-8"?>
<Project ToolsVersion="4.0" xmlns="http://schemas.microsoft.com/developer/msbuild/2003">
  <ItemGroup>
    <Filter Include="Source Files">
      <UniqueIdentifier>{4FC737F1-C7A5-4376-A066-2A32D752A2FF}</UniqueIdentifier>
      <Extensions>cpp;c;cc;cxx;def;odl;idl;hpj;bat;asm;asmx</Extensions>
    </Filter>
    <Filter Include="Header Files">
      <UniqueIdentifier>{93995380-89BD-4b04-88EB-625FBE52EBFB}</UniqueIdentifier>
      <Extensions>h;hh;hpp;hxx;hm;inl;inc;xsd</Extensions>
    </Filter>
    <Filter Include="Resource Files">
      <UniqueIdentifier>{67DA6AB6-F800-4c08-8B7A-83BB121AAD01}</UniqueIdentifier>
      <Extensions>rc;ico;cur;bmp;dlg;rc2;rct;bin;rgs;gif;jpg;jpeg;jpe;resx;tiff;tif;png;wav;mfcribbon-ms</Extensions>
    </Filter>
    <Filter Include="include">
      <UniqueIdentifier>{a8e29f18-1247-4ab5-a17d-09df4f55828d}</UniqueIdentifier>
    </Filter>
    <Filter Include="include\graphics">
      <UniqueIdentifier>{da6880b7-c1f0-482b-93e3-b2245a1f9f0c}</UniqueIdentifier>
    </Filter>
    <Filter Include="source">
      <UniqueIdentifier>{9113b067-e89c-47fb-9c77-0c437a8d49a5}</UniqueIdentifier>
    </Filter>
  </ItemGroup>
  <ItemGroup>
    <ClCompile Include="source\Context.cpp">
      <Filter>source</Filter>
    </ClCompile>
    <ClCompile Include="source\RenderObjects.cpp">
      <Filter>source</Filter>
    </ClCompile>
    <ClCompile Include="source\draw.cpp">
      <Filter>source</Filter>
    </ClCompile>
    <ClCompile Include="source\load.cpp">
      <Filter>source</Filter>
    </ClCompile>
    <ClCompile Include="source\GameObjects.cpp">
      <Filter>source</Filter>
    </ClCompile>
  </ItemGroup>
  <ItemGroup>
    <ClInclude Include="include\graphics\Vertex.h">
      <Filter>include\graphics</Filter>
    </ClInclude>
    <ClInclude Include="include\graphics\Context.h">
      <Filter>include\graphics</Filter>
    </ClInclude>
    <ClInclude Include="include\graphics\RenderObjects.h">
      <Filter>include\graphics</Filter>
    </ClInclude>
    <ClInclude Include="include\graphics\draw.h">
      <Filter>include\graphics</Filter>
    </ClInclude>
    <ClInclude Include="include\graphics\load.h">
      <Filter>include\graphics</Filter>
    </ClInclude>
    <ClInclude Include="include\graphics\glinc.h">
      <Filter>source</Filter>
    </ClInclude>
    <ClInclude Include="include\graphics\GameObjects.h">
      <Filter>include\graphics</Filter>
    </ClInclude>
  </ItemGroup>
  <ItemGroup>
    <None Include="8_16_17_Graphics.VC.db" />
    <None Include="resources\shaders\cpass.frag">
      <Filter>Resource Files</Filter>
    </None>
    <None Include="resources\shaders\cpass.vert">
      <Filter>Resource Files</Filter>
    </None>
    <None Include="resources\shaders\cube.frag">
      <Filter>Resource Files</Filter>
    </None>
    <None Include="resources\shaders\cube.vert">
      <Filter>Resource Files</Filter>
    </None>
    <None Include="resources\shaders\direct.frag">
      <Filter>Resource Files</Filter>
    </None>
    <None Include="resources\shaders\direct.vert">
      <Filter>Resource Files</Filter>
    </None>
    <None Include="resources\shaders\gpass.frag">
      <Filter>Resource Files</Filter>
    </None>
    <None Include="resources\shaders\gpass.vert">
      <Filter>Resource Files</Filter>
    </None>
    <None Include="resources\shaders\lambert.frag">
      <Filter>Resource Files</Filter>
    </None>
    <None Include="resources\shaders\lambert.vert">
      <Filter>Resource Files</Filter>
    </None>
    <None Include="resources\shaders\lpassD.frag">
      <Filter>Resource Files</Filter>
    </None>
    <None Include="resources\shaders\lpassD.vert">
      <Filter>Resource Files</Filter>
    </None>
    <None Include="resources\shaders\mvplite.frag">
      <Filter>Resource Files</Filter>
    </None>
    <None Include="resources\shaders\mvplite.vert">
      <Filter>Resource Files</Filter>
    </None>
    <None Include="resources\shaders\quad.frag">
      <Filter>Resource Files</Filter>
    </None>
    <None Include="resources\shaders\quad.vert">
      <Filter>Resource Files</Filter>
    </None>
    <None Include="resources\shaders\shadow.frag">
      <Filter>Resource Files</Filter>
    </None>
    <None Include="resources\shaders\shadow.vert">
      <Filter>Resource Files</Filter>
    </None>
    <None Include="resources\shaders\standard.frag">
      <Filter>Resource Files</Filter>
    </None>
    <None Include="resources\shaders\standard.vert">
      <Filter>Resource Files</Filter>
    </None>
    <None Include="resources\shaders\mvp_mat.vert">
      <Filter>Resource Files</Filter>
    </None>
    <None Include="resources\shaders\mvp_mat.frag">
      <Filter>Resource Files</Filter>
    </None>
    <None Include="resources\shaders\mvpmat.frag">
      <Filter>Resource Files</Filter>
    </None>
    <None Include="resources\shaders\mvpmat.vert">
      <Filter>Resource Files</Filter>
    </None>
  </ItemGroup>
</Project>