
Microsoft Visual Studio Solution File, Format Version 12.00
# Visual Studio 14
VisualStudioVersion = 14.0.23107.0
MinimumVisualStudioVersion = 10.0.40219.1
Project("{8BC9CEB8-8B4A-11D0-8D11-00A0C91BC942}") = "8_16_17_Graphics", "8_16_17_Graphics.vcxproj", "{45DD2807-EE66-47DB-B8C7-93A1C5C85F12}"
EndProject
Project("{8BC9CEB8-8B4A-11D0-8D11-00A0C91BC942}") = "01-Hello_Triangle", "tests\01-Hello_Triangle\01-Hello_Triangle.vcxproj", "{D4C61A01-F48C-467C-8087-678136D1A607}"
	ProjectSection(ProjectDependencies) = postProject
		{45DD2807-EE66-47DB-B8C7-93A1C5C85F12} = {45DD2807-EE66-47DB-B8C7-93A1C5C85F12}
	EndProjectSection
EndProject
Project("{8BC9CEB8-8B4A-11D0-8D11-00A0C91BC942}") = "02-UniTex", "tests\02-UniTex\02-UniTex.vcxproj", "{2E7FB542-3C88-4D51-8CFF-B6A6D5861DA1}"
	ProjectSection(ProjectDependencies) = postProject
		{45DD2807-EE66-47DB-B8C7-93A1C5C85F12} = {45DD2807-EE66-47DB-B8C7-93A1C5C85F12}
	EndProjectSection
EndProject
Project("{8BC9CEB8-8B4A-11D0-8D11-00A0C91BC942}") = "06-Lights", "tests\06-Lights\06-Lights.vcxproj", "{99CD55C5-E5D3-4678-BB3F-EDBDF7B1CC9C}"
	ProjectSection(ProjectDependencies) = postProject
		{45DD2807-EE66-47DB-B8C7-93A1C5C85F12} = {45DD2807-EE66-47DB-B8C7-93A1C5C85F12}
	EndProjectSection
EndProject
Project("{8BC9CEB8-8B4A-11D0-8D11-00A0C91BC942}") = "07-Materials", "tests\07-Materials\07-Materials.vcxproj", "{A14023A0-1867-484A-842E-995B76C08877}"
	ProjectSection(ProjectDependencies) = postProject
		{45DD2807-EE66-47DB-B8C7-93A1C5C85F12} = {45DD2807-EE66-47DB-B8C7-93A1C5C85F12}
	EndProjectSection
EndProject
Project("{8BC9CEB8-8B4A-11D0-8D11-00A0C91BC942}") = "05-MVP", "tests\05-MVP\05-MVP.vcxproj", "{A3D447AA-F71A-4E9F-91D1-5014D8EF0A7F}"
	ProjectSection(ProjectDependencies) = postProject
		{45DD2807-EE66-47DB-B8C7-93A1C5C85F12} = {45DD2807-EE66-47DB-B8C7-93A1C5C85F12}
	EndProjectSection
EndProject
Project("{8BC9CEB8-8B4A-11D0-8D11-00A0C91BC942}") = "09-Shadows", "tests\09-Shadows\09-Shadows.vcxproj", "{B0988C44-C199-4B1A-B550-DAB6C2CB63CE}"
	ProjectSection(ProjectDependencies) = postProject
		{45DD2807-EE66-47DB-B8C7-93A1C5C85F12} = {45DD2807-EE66-47DB-B8C7-93A1C5C85F12}
	EndProjectSection
EndProject
Project("{8BC9CEB8-8B4A-11D0-8D11-00A0C91BC942}") = "10-Deferred", "tests\10-Deferred\10-Deferred.vcxproj", "{744E142E-A264-4A33-B4C8-4B6389A5738E}"
EndProject
Project("{8BC9CEB8-8B4A-11D0-8D11-00A0C91BC942}") = "03-Tdraw", "tests\03-Tdraw\03-Tdraw.vcxproj", "{9F03E8B9-64F2-4E13-84DD-76BBC75A46FE}"
	ProjectSection(ProjectDependencies) = postProject
		{45DD2807-EE66-47DB-B8C7-93A1C5C85F12} = {45DD2807-EE66-47DB-B8C7-93A1C5C85F12}
	EndProjectSection
EndProject
Project("{8BC9CEB8-8B4A-11D0-8D11-00A0C91BC942}") = "04-FromDisk", "tests\04-FromDisk\04-FromDisk.vcxproj", "{82D372E9-B14F-4AD8-86F1-004EB815F5C0}"
EndProject
Global
	GlobalSection(SolutionConfigurationPlatforms) = preSolution
		Debug|Any CPU = Debug|Any CPU
		Debug|x64 = Debug|x64
		Debug|x86 = Debug|x86
		Release|Any CPU = Release|Any CPU
		Release|x64 = Release|x64
		Release|x86 = Release|x86
	EndGlobalSection
	GlobalSection(ProjectConfigurationPlatforms) = postSolution
		{45DD2807-EE66-47DB-B8C7-93A1C5C85F12}.Debug|Any CPU.ActiveCfg = Debug|Win32
		{45DD2807-EE66-47DB-B8C7-93A1C5C85F12}.Debug|x64.ActiveCfg = Debug|x64
		{45DD2807-EE66-47DB-B8C7-93A1C5C85F12}.Debug|x64.Build.0 = Debug|x64
		{45DD2807-EE66-47DB-B8C7-93A1C5C85F12}.Debug|x86.ActiveCfg = Debug|Win32
		{45DD2807-EE66-47DB-B8C7-93A1C5C85F12}.Debug|x86.Build.0 = Debug|Win32
		{45DD2807-EE66-47DB-B8C7-93A1C5C85F12}.Release|Any CPU.ActiveCfg = Release|Win32
		{45DD2807-EE66-47DB-B8C7-93A1C5C85F12}.Release|x64.ActiveCfg = Release|x64
		{45DD2807-EE66-47DB-B8C7-93A1C5C85F12}.Release|x64.Build.0 = Release|x64
		{45DD2807-EE66-47DB-B8C7-93A1C5C85F12}.Release|x86.ActiveCfg = Release|Win32
		{45DD2807-EE66-47DB-B8C7-93A1C5C85F12}.Release|x86.Build.0 = Release|Win32
		{D4C61A01-F48C-467C-8087-678136D1A607}.Debug|Any CPU.ActiveCfg = Debug|Win32
		{D4C61A01-F48C-467C-8087-678136D1A607}.Debug|x64.ActiveCfg = Debug|x64
		{D4C61A01-F48C-467C-8087-678136D1A607}.Debug|x64.Build.0 = Debug|x64
		{D4C61A01-F48C-467C-8087-678136D1A607}.Debug|x86.ActiveCfg = Debug|Win32
		{D4C61A01-F48C-467C-8087-678136D1A607}.Debug|x86.Build.0 = Debug|Win32
		{D4C61A01-F48C-467C-8087-678136D1A607}.Release|Any CPU.ActiveCfg = Release|Win32
		{D4C61A01-F48C-467C-8087-678136D1A607}.Release|x64.ActiveCfg = Release|x64
		{D4C61A01-F48C-467C-8087-678136D1A607}.Release|x64.Build.0 = Release|x64
		{D4C61A01-F48C-467C-8087-678136D1A607}.Release|x86.ActiveCfg = Release|Win32
		{D4C61A01-F48C-467C-8087-678136D1A607}.Release|x86.Build.0 = Release|Win32
		{2E7FB542-3C88-4D51-8CFF-B6A6D5861DA1}.Debug|Any CPU.ActiveCfg = Debug|Win32
		{2E7FB542-3C88-4D51-8CFF-B6A6D5861DA1}.Debug|x64.ActiveCfg = Debug|x64
		{2E7FB542-3C88-4D51-8CFF-B6A6D5861DA1}.Debug|x64.Build.0 = Debug|x64
		{2E7FB542-3C88-4D51-8CFF-B6A6D5861DA1}.Debug|x86.ActiveCfg = Debug|Win32
		{2E7FB542-3C88-4D51-8CFF-B6A6D5861DA1}.Debug|x86.Build.0 = Debug|Win32
		{2E7FB542-3C88-4D51-8CFF-B6A6D5861DA1}.Release|Any CPU.ActiveCfg = Release|Win32
		{2E7FB542-3C88-4D51-8CFF-B6A6D5861DA1}.Release|x64.ActiveCfg = Release|x64
		{2E7FB542-3C88-4D51-8CFF-B6A6D5861DA1}.Release|x64.Build.0 = Release|x64
		{2E7FB542-3C88-4D51-8CFF-B6A6D5861DA1}.Release|x86.ActiveCfg = Release|Win32
		{2E7FB542-3C88-4D51-8CFF-B6A6D5861DA1}.Release|x86.Build.0 = Release|Win32
		{99CD55C5-E5D3-4678-BB3F-EDBDF7B1CC9C}.Debug|Any CPU.ActiveCfg = Debug|Win32
		{99CD55C5-E5D3-4678-BB3F-EDBDF7B1CC9C}.Debug|x64.ActiveCfg = Debug|x64
		{99CD55C5-E5D3-4678-BB3F-EDBDF7B1CC9C}.Debug|x64.Build.0 = Debug|x64
		{99CD55C5-E5D3-4678-BB3F-EDBDF7B1CC9C}.Debug|x86.ActiveCfg = Debug|Win32
		{99CD55C5-E5D3-4678-BB3F-EDBDF7B1CC9C}.Debug|x86.Build.0 = Debug|Win32
		{99CD55C5-E5D3-4678-BB3F-EDBDF7B1CC9C}.Release|Any CPU.ActiveCfg = Release|Win32
		{99CD55C5-E5D3-4678-BB3F-EDBDF7B1CC9C}.Release|x64.ActiveCfg = Release|x64
		{99CD55C5-E5D3-4678-BB3F-EDBDF7B1CC9C}.Release|x64.Build.0 = Release|x64
		{99CD55C5-E5D3-4678-BB3F-EDBDF7B1CC9C}.Release|x86.ActiveCfg = Release|Win32
		{99CD55C5-E5D3-4678-BB3F-EDBDF7B1CC9C}.Release|x86.Build.0 = Release|Win32
		{A14023A0-1867-484A-842E-995B76C08877}.Debug|Any CPU.ActiveCfg = Debug|Win32
		{A14023A0-1867-484A-842E-995B76C08877}.Debug|x64.ActiveCfg = Debug|x64
		{A14023A0-1867-484A-842E-995B76C08877}.Debug|x64.Build.0 = Debug|x64
		{A14023A0-1867-484A-842E-995B76C08877}.Debug|x86.ActiveCfg = Debug|Win32
		{A14023A0-1867-484A-842E-995B76C08877}.Debug|x86.Build.0 = Debug|Win32
		{A14023A0-1867-484A-842E-995B76C08877}.Release|Any CPU.ActiveCfg = Release|Win32
		{A14023A0-1867-484A-842E-995B76C08877}.Release|x64.ActiveCfg = Release|x64
		{A14023A0-1867-484A-842E-995B76C08877}.Release|x64.Build.0 = Release|x64
		{A14023A0-1867-484A-842E-995B76C08877}.Release|x86.ActiveCfg = Release|Win32
		{A14023A0-1867-484A-842E-995B76C08877}.Release|x86.Build.0 = Release|Win32
		{A3D447AA-F71A-4E9F-91D1-5014D8EF0A7F}.Debug|Any CPU.ActiveCfg = Debug|Win32
		{A3D447AA-F71A-4E9F-91D1-5014D8EF0A7F}.Debug|x64.ActiveCfg = Debug|x64
		{A3D447AA-F71A-4E9F-91D1-5014D8EF0A7F}.Debug|x64.Build.0 = Debug|x64
		{A3D447AA-F71A-4E9F-91D1-5014D8EF0A7F}.Debug|x86.ActiveCfg = Debug|Win32
		{A3D447AA-F71A-4E9F-91D1-5014D8EF0A7F}.Debug|x86.Build.0 = Debug|Win32
		{A3D447AA-F71A-4E9F-91D1-5014D8EF0A7F}.Release|Any CPU.ActiveCfg = Release|Win32
		{A3D447AA-F71A-4E9F-91D1-5014D8EF0A7F}.Release|x64.ActiveCfg = Release|x64
		{A3D447AA-F71A-4E9F-91D1-5014D8EF0A7F}.Release|x64.Build.0 = Release|x64
		{A3D447AA-F71A-4E9F-91D1-5014D8EF0A7F}.Release|x86.ActiveCfg = Release|Win32
		{A3D447AA-F71A-4E9F-91D1-5014D8EF0A7F}.Release|x86.Build.0 = Release|Win32
		{B0988C44-C199-4B1A-B550-DAB6C2CB63CE}.Debug|Any CPU.ActiveCfg = Debug|Win32
		{B0988C44-C199-4B1A-B550-DAB6C2CB63CE}.Debug|x64.ActiveCfg = Debug|x64
		{B0988C44-C199-4B1A-B550-DAB6C2CB63CE}.Debug|x64.Build.0 = Debug|x64
		{B0988C44-C199-4B1A-B550-DAB6C2CB63CE}.Debug|x86.ActiveCfg = Debug|Win32
		{B0988C44-C199-4B1A-B550-DAB6C2CB63CE}.Debug|x86.Build.0 = Debug|Win32
		{B0988C44-C199-4B1A-B550-DAB6C2CB63CE}.Release|Any CPU.ActiveCfg = Release|Win32
		{B0988C44-C199-4B1A-B550-DAB6C2CB63CE}.Release|x64.ActiveCfg = Release|x64
		{B0988C44-C199-4B1A-B550-DAB6C2CB63CE}.Release|x64.Build.0 = Release|x64
		{B0988C44-C199-4B1A-B550-DAB6C2CB63CE}.Release|x86.ActiveCfg = Release|Win32
		{B0988C44-C199-4B1A-B550-DAB6C2CB63CE}.Release|x86.Build.0 = Release|Win32
		{744E142E-A264-4A33-B4C8-4B6389A5738E}.Debug|Any CPU.ActiveCfg = Debug|Win32
		{744E142E-A264-4A33-B4C8-4B6389A5738E}.Debug|x64.ActiveCfg = Debug|x64
		{744E142E-A264-4A33-B4C8-4B6389A5738E}.Debug|x64.Build.0 = Debug|x64
		{744E142E-A264-4A33-B4C8-4B6389A5738E}.Debug|x86.ActiveCfg = Debug|Win32
		{744E142E-A264-4A33-B4C8-4B6389A5738E}.Debug|x86.Build.0 = Debug|Win32
		{744E142E-A264-4A33-B4C8-4B6389A5738E}.Release|Any CPU.ActiveCfg = Release|Win32
		{744E142E-A264-4A33-B4C8-4B6389A5738E}.Release|x64.ActiveCfg = Release|x64
		{744E142E-A264-4A33-B4C8-4B6389A5738E}.Release|x64.Build.0 = Release|x64
		{744E142E-A264-4A33-B4C8-4B6389A5738E}.Release|x86.ActiveCfg = Release|Win32
		{744E142E-A264-4A33-B4C8-4B6389A5738E}.Release|x86.Build.0 = Release|Win32
		{9F03E8B9-64F2-4E13-84DD-76BBC75A46FE}.Debug|Any CPU.ActiveCfg = Debug|Win32
		{9F03E8B9-64F2-4E13-84DD-76BBC75A46FE}.Debug|x64.ActiveCfg = Debug|x64
		{9F03E8B9-64F2-4E13-84DD-76BBC75A46FE}.Debug|x64.Build.0 = Debug|x64
		{9F03E8B9-64F2-4E13-84DD-76BBC75A46FE}.Debug|x86.ActiveCfg = Debug|Win32
		{9F03E8B9-64F2-4E13-84DD-76BBC75A46FE}.Debug|x86.Build.0 = Debug|Win32
		{9F03E8B9-64F2-4E13-84DD-76BBC75A46FE}.Release|Any CPU.ActiveCfg = Release|Win32
		{9F03E8B9-64F2-4E13-84DD-76BBC75A46FE}.Release|x64.ActiveCfg = Release|x64
		{9F03E8B9-64F2-4E13-84DD-76BBC75A46FE}.Release|x64.Build.0 = Release|x64
		{9F03E8B9-64F2-4E13-84DD-76BBC75A46FE}.Release|x86.ActiveCfg = Release|Win32
		{9F03E8B9-64F2-4E13-84DD-76BBC75A46FE}.Release|x86.Build.0 = Release|Win32
		{82D372E9-B14F-4AD8-86F1-004EB815F5C0}.Debug|Any CPU.ActiveCfg = Debug|Win32
		{82D372E9-B14F-4AD8-86F1-004EB815F5C0}.Debug|x64.ActiveCfg = Debug|x64
		{82D372E9-B14F-4AD8-86F1-004EB815F5C0}.Debug|x64.Build.0 = Debug|x64
		{82D372E9-B14F-4AD8-86F1-004EB815F5C0}.Debug|x86.ActiveCfg = Debug|Win32
		{82D372E9-B14F-4AD8-86F1-004EB815F5C0}.Debug|x86.Build.0 = Debug|Win32
		{82D372E9-B14F-4AD8-86F1-004EB815F5C0}.Release|Any CPU.ActiveCfg = Release|Win32
		{82D372E9-B14F-4AD8-86F1-004EB815F5C0}.Release|x64.ActiveCfg = Release|x64
		{82D372E9-B14F-4AD8-86F1-004EB815F5C0}.Release|x64.Build.0 = Release|x64
		{82D372E9-B14F-4AD8-86F1-004EB815F5C0}.Release|x86.ActiveCfg = Release|Win32
		{82D372E9-B14F-4AD8-86F1-004EB815F5C0}.Release|x86.Build.0 = Release|Win32
	EndGlobalSection
	GlobalSection(SolutionProperties) = preSolution
		HideSolutionNode = FALSE
	EndGlobalSection
EndGlobal
